
Microsoft Visual Studio Solution File, Format Version 12.00
# Visual Studio 14
VisualStudioVersion = 14.0.25420.1
MinimumVisualStudioVersion = 10.0.40219.1
Project("{8BC9CEB8-8B4A-11D0-8D11-00A0C91BC942}") = "001_Template n Tree", "001_Template n Tree\001_Template.vcxproj", "{D2ADDF04-0EA1-4FFF-9295-AB763EAD38DC}"
EndProject
Project("{8BC9CEB8-8B4A-11D0-8D11-00A0C91BC942}") = "HW_001", "HW_001\HW_001.vcxproj", "{16047212-BC28-4587-A8D2-B10DA2F23832}"
EndProject
Project("{8BC9CEB8-8B4A-11D0-8D11-00A0C91BC942}") = "002_Stack n Queue", "003 Stack\003 Stack.vcxproj", "{BB06EFF5-1750-4E22-BC00-FDB9D9A4A683}"
EndProject
Project("{8BC9CEB8-8B4A-11D0-8D11-00A0C91BC942}") = "003_List n Tree", "003_List\003_List.vcxproj", "{9005AC01-F55F-4584-8282-C1897FEA605F}"
EndProject
Project("{8BC9CEB8-8B4A-11D0-8D11-00A0C91BC942}") = "004_Tree", "004_Tree\004_Tree.vcxproj", "{0966E0D4-2E14-46E2-B9DB-2AE2D1F5E592}"
EndProject
Project("{8BC9CEB8-8B4A-11D0-8D11-00A0C91BC942}") = "HW_002", "HW_002\HW_002.vcxproj", "{641E8408-BA14-4725-B0A3-939558EA098C}"
EndProject
Project("{8BC9CEB8-8B4A-11D0-8D11-00A0C91BC942}") = "005_Search", "005_Search\005_Search.vcxproj", "{442F0CF1-A769-417A-92EE-22C2858667A8}"
EndProject
Project("{8BC9CEB8-8B4A-11D0-8D11-00A0C91BC942}") = "006_RedBlackTree", "006_RedBlackTree\006_RedBlackTree.vcxproj", "{EE6DFF09-397C-42BF-9105-DCEA123FA6C4}"
EndProject
Project("{8BC9CEB8-8B4A-11D0-8D11-00A0C91BC942}") = "007_HashTable", "007_HashTable\007_HashTable.vcxproj", "{3B119C01-D1C6-4AE5-A6C0-560C87EEAA08}"
EndProject
Project("{8BC9CEB8-8B4A-11D0-8D11-00A0C91BC942}") = "008_Sort", "008_Sort\008_Sort.vcxproj", "{1DEA8680-D069-495C-BB7A-5583165EDED3}"
EndProject
Project("{8BC9CEB8-8B4A-11D0-8D11-00A0C91BC942}") = "009_Graph", "009_Graph\009_Graph.vcxproj", "{85281208-FA7A-4E9C-B30E-49A3A14621FE}"
EndProject
Project("{8BC9CEB8-8B4A-11D0-8D11-00A0C91BC942}") = "010_DivideAndConquer", "010_DivideAndConquer\010_DivideAndConquer.vcxproj", "{0A6525BC-6461-41BC-ABC1-04709DA569E3}"
EndProject
Project("{8BC9CEB8-8B4A-11D0-8D11-00A0C91BC942}") = "011_Thread", "011_Thread\011_Thread.vcxproj", "{6E908000-7C2A-47E3-8F16-86CAAFA463D4}"
EndProject
Project("{8BC9CEB8-8B4A-11D0-8D11-00A0C91BC942}") = "Direct2D", "012_Mutex\SpriteClass\Direct2D.vcxproj", "{3890D43C-DBC5-4F00-A51E-C2C6A0160A32}"
EndProject
Project("{8BC9CEB8-8B4A-11D0-8D11-00A0C91BC942}") = "012_DynamicPlanning", "012_DynamicPlanning\012_DynamicPlanning.vcxproj", "{5071C405-5A64-4623-82D0-F12B52E4BD32}"
EndProject
Project("{8BC9CEB8-8B4A-11D0-8D11-00A0C91BC942}") = "012_NoneDP", "012_NoneDP\012_NoneDP.vcxproj", "{1E2E477F-6021-4838-87E3-9F9A07F5C52A}"
EndProject
Project("{8BC9CEB8-8B4A-11D0-8D11-00A0C91BC942}") = "012_TestLib", "012_TestLib\012_TestLib.vcxproj", "{64838F2C-1D00-4853-B4BC-7B86DD744899}"
EndProject
Project("{8BC9CEB8-8B4A-11D0-8D11-00A0C91BC942}") = "013_Greedy", "013_Greedy\013_Greedy.vcxproj", "{4D40191E-1A23-475A-B6A8-3A5417722033}"
EndProject
Global
	GlobalSection(SolutionConfigurationPlatforms) = preSolution
		Debug|x64 = Debug|x64
		Debug|x86 = Debug|x86
		Release|x64 = Release|x64
		Release|x86 = Release|x86
	EndGlobalSection
	GlobalSection(ProjectConfigurationPlatforms) = postSolution
		{D2ADDF04-0EA1-4FFF-9295-AB763EAD38DC}.Debug|x64.ActiveCfg = Debug|x64
		{D2ADDF04-0EA1-4FFF-9295-AB763EAD38DC}.Debug|x64.Build.0 = Debug|x64
		{D2ADDF04-0EA1-4FFF-9295-AB763EAD38DC}.Debug|x86.ActiveCfg = Debug|Win32
		{D2ADDF04-0EA1-4FFF-9295-AB763EAD38DC}.Debug|x86.Build.0 = Debug|Win32
		{D2ADDF04-0EA1-4FFF-9295-AB763EAD38DC}.Release|x64.ActiveCfg = Release|x64
		{D2ADDF04-0EA1-4FFF-9295-AB763EAD38DC}.Release|x64.Build.0 = Release|x64
		{D2ADDF04-0EA1-4FFF-9295-AB763EAD38DC}.Release|x86.ActiveCfg = Release|Win32
		{D2ADDF04-0EA1-4FFF-9295-AB763EAD38DC}.Release|x86.Build.0 = Release|Win32
		{16047212-BC28-4587-A8D2-B10DA2F23832}.Debug|x64.ActiveCfg = Debug|x64
		{16047212-BC28-4587-A8D2-B10DA2F23832}.Debug|x64.Build.0 = Debug|x64
		{16047212-BC28-4587-A8D2-B10DA2F23832}.Debug|x86.ActiveCfg = Debug|Win32
		{16047212-BC28-4587-A8D2-B10DA2F23832}.Debug|x86.Build.0 = Debug|Win32
		{16047212-BC28-4587-A8D2-B10DA2F23832}.Release|x64.ActiveCfg = Release|x64
		{16047212-BC28-4587-A8D2-B10DA2F23832}.Release|x64.Build.0 = Release|x64
		{16047212-BC28-4587-A8D2-B10DA2F23832}.Release|x86.ActiveCfg = Release|Win32
		{16047212-BC28-4587-A8D2-B10DA2F23832}.Release|x86.Build.0 = Release|Win32
		{BB06EFF5-1750-4E22-BC00-FDB9D9A4A683}.Debug|x64.ActiveCfg = Debug|x64
		{BB06EFF5-1750-4E22-BC00-FDB9D9A4A683}.Debug|x64.Build.0 = Debug|x64
		{BB06EFF5-1750-4E22-BC00-FDB9D9A4A683}.Debug|x86.ActiveCfg = Debug|Win32
		{BB06EFF5-1750-4E22-BC00-FDB9D9A4A683}.Debug|x86.Build.0 = Debug|Win32
		{BB06EFF5-1750-4E22-BC00-FDB9D9A4A683}.Release|x64.ActiveCfg = Release|x64
		{BB06EFF5-1750-4E22-BC00-FDB9D9A4A683}.Release|x64.Build.0 = Release|x64
		{BB06EFF5-1750-4E22-BC00-FDB9D9A4A683}.Release|x86.ActiveCfg = Release|Win32
		{BB06EFF5-1750-4E22-BC00-FDB9D9A4A683}.Release|x86.Build.0 = Release|Win32
		{9005AC01-F55F-4584-8282-C1897FEA605F}.Debug|x64.ActiveCfg = Debug|x64
		{9005AC01-F55F-4584-8282-C1897FEA605F}.Debug|x64.Build.0 = Debug|x64
		{9005AC01-F55F-4584-8282-C1897FEA605F}.Debug|x86.ActiveCfg = Debug|Win32
		{9005AC01-F55F-4584-8282-C1897FEA605F}.Debug|x86.Build.0 = Debug|Win32
		{9005AC01-F55F-4584-8282-C1897FEA605F}.Release|x64.ActiveCfg = Release|x64
		{9005AC01-F55F-4584-8282-C1897FEA605F}.Release|x64.Build.0 = Release|x64
		{9005AC01-F55F-4584-8282-C1897FEA605F}.Release|x86.ActiveCfg = Release|Win32
		{9005AC01-F55F-4584-8282-C1897FEA605F}.Release|x86.Build.0 = Release|Win32
		{0966E0D4-2E14-46E2-B9DB-2AE2D1F5E592}.Debug|x64.ActiveCfg = Debug|x64
		{0966E0D4-2E14-46E2-B9DB-2AE2D1F5E592}.Debug|x64.Build.0 = Debug|x64
		{0966E0D4-2E14-46E2-B9DB-2AE2D1F5E592}.Debug|x86.ActiveCfg = Debug|Win32
		{0966E0D4-2E14-46E2-B9DB-2AE2D1F5E592}.Debug|x86.Build.0 = Debug|Win32
		{0966E0D4-2E14-46E2-B9DB-2AE2D1F5E592}.Release|x64.ActiveCfg = Release|x64
		{0966E0D4-2E14-46E2-B9DB-2AE2D1F5E592}.Release|x64.Build.0 = Release|x64
		{0966E0D4-2E14-46E2-B9DB-2AE2D1F5E592}.Release|x86.ActiveCfg = Release|Win32
		{0966E0D4-2E14-46E2-B9DB-2AE2D1F5E592}.Release|x86.Build.0 = Release|Win32
		{641E8408-BA14-4725-B0A3-939558EA098C}.Debug|x64.ActiveCfg = Debug|x64
		{641E8408-BA14-4725-B0A3-939558EA098C}.Debug|x64.Build.0 = Debug|x64
		{641E8408-BA14-4725-B0A3-939558EA098C}.Debug|x86.ActiveCfg = Debug|Win32
		{641E8408-BA14-4725-B0A3-939558EA098C}.Debug|x86.Build.0 = Debug|Win32
		{641E8408-BA14-4725-B0A3-939558EA098C}.Release|x64.ActiveCfg = Release|x64
		{641E8408-BA14-4725-B0A3-939558EA098C}.Release|x64.Build.0 = Release|x64
		{641E8408-BA14-4725-B0A3-939558EA098C}.Release|x86.ActiveCfg = Release|Win32
		{641E8408-BA14-4725-B0A3-939558EA098C}.Release|x86.Build.0 = Release|Win32
		{442F0CF1-A769-417A-92EE-22C2858667A8}.Debug|x64.ActiveCfg = Debug|x64
		{442F0CF1-A769-417A-92EE-22C2858667A8}.Debug|x64.Build.0 = Debug|x64
		{442F0CF1-A769-417A-92EE-22C2858667A8}.Debug|x86.ActiveCfg = Debug|Win32
		{442F0CF1-A769-417A-92EE-22C2858667A8}.Debug|x86.Build.0 = Debug|Win32
		{442F0CF1-A769-417A-92EE-22C2858667A8}.Release|x64.ActiveCfg = Release|x64
		{442F0CF1-A769-417A-92EE-22C2858667A8}.Release|x64.Build.0 = Release|x64
		{442F0CF1-A769-417A-92EE-22C2858667A8}.Release|x86.ActiveCfg = Release|Win32
		{442F0CF1-A769-417A-92EE-22C2858667A8}.Release|x86.Build.0 = Release|Win32
		{EE6DFF09-397C-42BF-9105-DCEA123FA6C4}.Debug|x64.ActiveCfg = Debug|x64
		{EE6DFF09-397C-42BF-9105-DCEA123FA6C4}.Debug|x64.Build.0 = Debug|x64
		{EE6DFF09-397C-42BF-9105-DCEA123FA6C4}.Debug|x86.ActiveCfg = Debug|Win32
		{EE6DFF09-397C-42BF-9105-DCEA123FA6C4}.Debug|x86.Build.0 = Debug|Win32
		{EE6DFF09-397C-42BF-9105-DCEA123FA6C4}.Release|x64.ActiveCfg = Release|x64
		{EE6DFF09-397C-42BF-9105-DCEA123FA6C4}.Release|x64.Build.0 = Release|x64
		{EE6DFF09-397C-42BF-9105-DCEA123FA6C4}.Release|x86.ActiveCfg = Release|Win32
		{EE6DFF09-397C-42BF-9105-DCEA123FA6C4}.Release|x86.Build.0 = Release|Win32
		{3B119C01-D1C6-4AE5-A6C0-560C87EEAA08}.Debug|x64.ActiveCfg = Debug|x64
		{3B119C01-D1C6-4AE5-A6C0-560C87EEAA08}.Debug|x64.Build.0 = Debug|x64
		{3B119C01-D1C6-4AE5-A6C0-560C87EEAA08}.Debug|x86.ActiveCfg = Debug|Win32
		{3B119C01-D1C6-4AE5-A6C0-560C87EEAA08}.Debug|x86.Build.0 = Debug|Win32
		{3B119C01-D1C6-4AE5-A6C0-560C87EEAA08}.Release|x64.ActiveCfg = Release|x64
		{3B119C01-D1C6-4AE5-A6C0-560C87EEAA08}.Release|x64.Build.0 = Release|x64
		{3B119C01-D1C6-4AE5-A6C0-560C87EEAA08}.Release|x86.ActiveCfg = Release|Win32
		{3B119C01-D1C6-4AE5-A6C0-560C87EEAA08}.Release|x86.Build.0 = Release|Win32
		{1DEA8680-D069-495C-BB7A-5583165EDED3}.Debug|x64.ActiveCfg = Debug|x64
		{1DEA8680-D069-495C-BB7A-5583165EDED3}.Debug|x64.Build.0 = Debug|x64
		{1DEA8680-D069-495C-BB7A-5583165EDED3}.Debug|x86.ActiveCfg = Debug|Win32
		{1DEA8680-D069-495C-BB7A-5583165EDED3}.Debug|x86.Build.0 = Debug|Win32
		{1DEA8680-D069-495C-BB7A-5583165EDED3}.Release|x64.ActiveCfg = Release|x64
		{1DEA8680-D069-495C-BB7A-5583165EDED3}.Release|x64.Build.0 = Release|x64
		{1DEA8680-D069-495C-BB7A-5583165EDED3}.Release|x86.ActiveCfg = Release|Win32
		{1DEA8680-D069-495C-BB7A-5583165EDED3}.Release|x86.Build.0 = Release|Win32
		{85281208-FA7A-4E9C-B30E-49A3A14621FE}.Debug|x64.ActiveCfg = Debug|x64
		{85281208-FA7A-4E9C-B30E-49A3A14621FE}.Debug|x64.Build.0 = Debug|x64
		{85281208-FA7A-4E9C-B30E-49A3A14621FE}.Debug|x86.ActiveCfg = Debug|Win32
		{85281208-FA7A-4E9C-B30E-49A3A14621FE}.Debug|x86.Build.0 = Debug|Win32
		{85281208-FA7A-4E9C-B30E-49A3A14621FE}.Release|x64.ActiveCfg = Release|x64
		{85281208-FA7A-4E9C-B30E-49A3A14621FE}.Release|x64.Build.0 = Release|x64
		{85281208-FA7A-4E9C-B30E-49A3A14621FE}.Release|x86.ActiveCfg = Release|Win32
		{85281208-FA7A-4E9C-B30E-49A3A14621FE}.Release|x86.Build.0 = Release|Win32
		{0A6525BC-6461-41BC-ABC1-04709DA569E3}.Debug|x64.ActiveCfg = Debug|x64
		{0A6525BC-6461-41BC-ABC1-04709DA569E3}.Debug|x64.Build.0 = Debug|x64
		{0A6525BC-6461-41BC-ABC1-04709DA569E3}.Debug|x86.ActiveCfg = Debug|Win32
		{0A6525BC-6461-41BC-ABC1-04709DA569E3}.Debug|x86.Build.0 = Debug|Win32
		{0A6525BC-6461-41BC-ABC1-04709DA569E3}.Release|x64.ActiveCfg = Release|x64
		{0A6525BC-6461-41BC-ABC1-04709DA569E3}.Release|x64.Build.0 = Release|x64
		{0A6525BC-6461-41BC-ABC1-04709DA569E3}.Release|x86.ActiveCfg = Release|Win32
		{0A6525BC-6461-41BC-ABC1-04709DA569E3}.Release|x86.Build.0 = Release|Win32
		{6E908000-7C2A-47E3-8F16-86CAAFA463D4}.Debug|x64.ActiveCfg = Debug|x64
		{6E908000-7C2A-47E3-8F16-86CAAFA463D4}.Debug|x64.Build.0 = Debug|x64
		{6E908000-7C2A-47E3-8F16-86CAAFA463D4}.Debug|x86.ActiveCfg = Debug|Win32
		{6E908000-7C2A-47E3-8F16-86CAAFA463D4}.Debug|x86.Build.0 = Debug|Win32
		{6E908000-7C2A-47E3-8F16-86CAAFA463D4}.Release|x64.ActiveCfg = Release|x64
		{6E908000-7C2A-47E3-8F16-86CAAFA463D4}.Release|x64.Build.0 = Release|x64
		{6E908000-7C2A-47E3-8F16-86CAAFA463D4}.Release|x86.ActiveCfg = Release|Win32
		{6E908000-7C2A-47E3-8F16-86CAAFA463D4}.Release|x86.Build.0 = Release|Win32
		{3890D43C-DBC5-4F00-A51E-C2C6A0160A32}.Debug|x64.ActiveCfg = Debug|x64
		{3890D43C-DBC5-4F00-A51E-C2C6A0160A32}.Debug|x64.Build.0 = Debug|x64
		{3890D43C-DBC5-4F00-A51E-C2C6A0160A32}.Debug|x86.ActiveCfg = Debug|Win32
		{3890D43C-DBC5-4F00-A51E-C2C6A0160A32}.Debug|x86.Build.0 = Debug|Win32
		{3890D43C-DBC5-4F00-A51E-C2C6A0160A32}.Release|x64.ActiveCfg = Release|x64
		{3890D43C-DBC5-4F00-A51E-C2C6A0160A32}.Release|x64.Build.0 = Release|x64
		{3890D43C-DBC5-4F00-A51E-C2C6A0160A32}.Release|x86.ActiveCfg = Release|Win32
		{3890D43C-DBC5-4F00-A51E-C2C6A0160A32}.Release|x86.Build.0 = Release|Win32
		{5071C405-5A64-4623-82D0-F12B52E4BD32}.Debug|x64.ActiveCfg = Debug|x64
		{5071C405-5A64-4623-82D0-F12B52E4BD32}.Debug|x64.Build.0 = Debug|x64
		{5071C405-5A64-4623-82D0-F12B52E4BD32}.Debug|x86.ActiveCfg = Debug|Win32
		{5071C405-5A64-4623-82D0-F12B52E4BD32}.Debug|x86.Build.0 = Debug|Win32
		{5071C405-5A64-4623-82D0-F12B52E4BD32}.Release|x64.ActiveCfg = Release|x64
		{5071C405-5A64-4623-82D0-F12B52E4BD32}.Release|x64.Build.0 = Release|x64
		{5071C405-5A64-4623-82D0-F12B52E4BD32}.Release|x86.ActiveCfg = Release|Win32
		{5071C405-5A64-4623-82D0-F12B52E4BD32}.Release|x86.Build.0 = Release|Win32
		{1E2E477F-6021-4838-87E3-9F9A07F5C52A}.Debug|x64.ActiveCfg = Debug|x64
		{1E2E477F-6021-4838-87E3-9F9A07F5C52A}.Debug|x64.Build.0 = Debug|x64
		{1E2E477F-6021-4838-87E3-9F9A07F5C52A}.Debug|x86.ActiveCfg = Debug|Win32
		{1E2E477F-6021-4838-87E3-9F9A07F5C52A}.Debug|x86.Build.0 = Debug|Win32
		{1E2E477F-6021-4838-87E3-9F9A07F5C52A}.Release|x64.ActiveCfg = Release|x64
		{1E2E477F-6021-4838-87E3-9F9A07F5C52A}.Release|x64.Build.0 = Release|x64
		{1E2E477F-6021-4838-87E3-9F9A07F5C52A}.Release|x86.ActiveCfg = Release|Win32
		{1E2E477F-6021-4838-87E3-9F9A07F5C52A}.Release|x86.Build.0 = Release|Win32
		{64838F2C-1D00-4853-B4BC-7B86DD744899}.Debug|x64.ActiveCfg = Debug|x64
		{64838F2C-1D00-4853-B4BC-7B86DD744899}.Debug|x64.Build.0 = Debug|x64
		{64838F2C-1D00-4853-B4BC-7B86DD744899}.Debug|x86.ActiveCfg = Debug|Win32
		{64838F2C-1D00-4853-B4BC-7B86DD744899}.Debug|x86.Build.0 = Debug|Win32
		{64838F2C-1D00-4853-B4BC-7B86DD744899}.Release|x64.ActiveCfg = Release|x64
		{64838F2C-1D00-4853-B4BC-7B86DD744899}.Release|x64.Build.0 = Release|x64
		{64838F2C-1D00-4853-B4BC-7B86DD744899}.Release|x86.ActiveCfg = Release|Win32
		{64838F2C-1D00-4853-B4BC-7B86DD744899}.Release|x86.Build.0 = Release|Win32
		{4D40191E-1A23-475A-B6A8-3A5417722033}.Debug|x64.ActiveCfg = Debug|x64
		{4D40191E-1A23-475A-B6A8-3A5417722033}.Debug|x64.Build.0 = Debug|x64
		{4D40191E-1A23-475A-B6A8-3A5417722033}.Debug|x86.ActiveCfg = Debug|Win32
		{4D40191E-1A23-475A-B6A8-3A5417722033}.Debug|x86.Build.0 = Debug|Win32
		{4D40191E-1A23-475A-B6A8-3A5417722033}.Release|x64.ActiveCfg = Release|x64
		{4D40191E-1A23-475A-B6A8-3A5417722033}.Release|x64.Build.0 = Release|x64
		{4D40191E-1A23-475A-B6A8-3A5417722033}.Release|x86.ActiveCfg = Release|Win32
		{4D40191E-1A23-475A-B6A8-3A5417722033}.Release|x86.Build.0 = Release|Win32
	EndGlobalSection
	GlobalSection(SolutionProperties) = preSolution
		HideSolutionNode = FALSE
	EndGlobalSection
EndGlobal
